github.com/ogios/sutils v0.1.4 h1:EF+KEoVNhF1AdlCAalRUeamXuY1TPmtn3T5ERYB567A=
github.com/ogios/sutils v0.1.4/go.mod h1:nPIARZnGDLW/kZA/gGfGHYXVV3JXpvOXuhoa1qWZOV4=
golang.org/x/exp v0.0.0-20230905200255-921286631fa9 h1:GoHiUyI/Tp2nVkLI2mCxVkOjsbSXD66ic0XW0js0R9g=
golang.org/x/exp v0.0.0-20230905200255-921286631fa9/go.mod h1:S2oDrQGGwySpoQPVqRShND87VCbxmc6bL1Yd2oYrm6k=
